
Microsoft Visual Studio Solution File, Format Version 12.00
# Visual Studio Version 17
VisualStudioVersion = 17.14.36623.8 d17.14
MinimumVisualStudioVersion = 10.0.40219.1
Project("{FAE04EC0-301F-11D3-BF4B-00C04F79EFBC}") = "API", "API\API.csproj", "{DA5E8CB4-C9B4-4338-BC41-B78BA5770A95}"
EndProject
Project("{FAE04EC0-301F-11D3-BF4B-00C04F79EFBC}") = "Shared", "Shared\Shared.csproj", "{48F39388-1EF1-47FE-A990-D831F1C4E5DA}"
EndProject
Project("{FAE04EC0-301F-11D3-BF4B-00C04F79EFBC}") = "Modules", "Modules\Modules.csproj", "{5BF87F7B-B0DD-43DC-A131-19C32BF1311A}"
EndProject
Global
	GlobalSection(SolutionConfigurationPlatforms) = preSolution
		Debug|Any CPU = Debug|Any CPU
		Release|Any CPU = Release|Any CPU
	EndGlobalSection
	GlobalSection(ProjectConfigurationPlatforms) = postSolution
		{DA5E8CB4-C9B4-4338-BC41-B78BA5770A95}.Debug|Any CPU.ActiveCfg = Debug|Any CPU
		{DA5E8CB4-C9B4-4338-BC41-B78BA5770A95}.Debug|Any CPU.Build.0 = Debug|Any CPU
		{DA5E8CB4-C9B4-4338-BC41-B78BA5770A95}.Release|Any CPU.ActiveCfg = Release|Any CPU
		{DA5E8CB4-C9B4-4338-BC41-B78BA5770A95}.Release|Any CPU.Build.0 = Release|Any CPU
		{48F39388-1EF1-47FE-A990-D831F1C4E5DA}.Debug|Any CPU.ActiveCfg = Debug|Any CPU
		{48F39388-1EF1-47FE-A990-D831F1C4E5DA}.Debug|Any CPU.Build.0 = Debug|Any CPU
		{48F39388-1EF1-47FE-A990-D831F1C4E5DA}.Release|Any CPU.ActiveCfg = Release|Any CPU
		{48F39388-1EF1-47FE-A990-D831F1C4E5DA}.Release|Any CPU.Build.0 = Release|Any CPU
		{5BF87F7B-B0DD-43DC-A131-19C32BF1311A}.Debug|Any CPU.ActiveCfg = Debug|Any CPU
		{5BF87F7B-B0DD-43DC-A131-19C32BF1311A}.Debug|Any CPU.Build.0 = Debug|Any CPU
		{5BF87F7B-B0DD-43DC-A131-19C32BF1311A}.Release|Any CPU.ActiveCfg = Release|Any CPU
		{5BF87F7B-B0DD-43DC-A131-19C32BF1311A}.Release|Any CPU.Build.0 = Release|Any CPU
	EndGlobalSection
	GlobalSection(SolutionProperties) = preSolution
		HideSolutionNode = FALSE
	EndGlobalSection
	GlobalSection(ExtensibilityGlobals) = postSolution
		SolutionGuid = {98D1EBE5-6939-46E0-846A-4B3C52814C9E}
	EndGlobalSection
EndGlobal
